
Microsoft Visual Studio Solution File, Format Version 12.00
# Visual Studio Version 17
VisualStudioVersion = 17.0.31903.59
MinimumVisualStudioVersion = 10.0.40219.1
Project("{2150E333-8FDC-42A3-9474-1A3956D46DE8}") = "src", "src", "{827E0CD3-B72D-47B6-A68D-7590B98EB39B}"
EndProject
Project("{FAE04EC0-301F-11D3-BF4B-00C04F79EFBC}") = "WindowsGSM.Core", "src\WindowsGSM.Core\WindowsGSM.Core.csproj", "{52D33E86-91AE-4585-8446-A58545CF5B93}"
EndProject
Project("{2150E333-8FDC-42A3-9474-1A3956D46DE8}") = "tests", "tests", "{0AB3BF05-4346-4AA6-1389-037BE0695223}"
EndProject
Project("{FAE04EC0-301F-11D3-BF4B-00C04F79EFBC}") = "WindowsGSM.Core.Tests", "tests\WindowsGSM.Core.Tests\WindowsGSM.Core.Tests.csproj", "{41F59CD1-5E52-423C-B7C0-D6D88A5250BE}"
EndProject
Project("{2150E333-8FDC-42A3-9474-1A3956D46DE8}") = "tools", "tools", "{07C2787E-EAC7-C090-1BA3-A61EC2A24D84}"
EndProject
Project("{FAE04EC0-301F-11D3-BF4B-00C04F79EFBC}") = "WindowsGSM.Harness", "tools\WindowsGSM.Harness\WindowsGSM.Harness.csproj", "{C1DCDA3C-1A76-47F3-B632-337AE589903F}"
EndProject
Project("{FAE04EC0-301F-11D3-BF4B-00C04F79EFBC}") = "WindowsGSM.Contracts", "src\WindowsGSM.Contracts\WindowsGSM.Contracts.csproj", "{4E058D8E-9526-48E7-8B7F-1FD8C6921107}"
EndProject
Project("{FAE04EC0-301F-11D3-BF4B-00C04F79EFBC}") = "WindowsGSM.Agent", "src\WindowsGSM.Agent\WindowsGSM.Agent.csproj", "{053DF80B-D632-403F-B684-0B61A1F21454}"
EndProject
Project("{FAE04EC0-301F-11D3-BF4B-00C04F79EFBC}") = "WindowsGSM.Agent.Tests", "tests\WindowsGSM.Agent.Tests\WindowsGSM.Agent.Tests.csproj", "{3525828E-9FE9-4A7C-B960-576E2673603A}"
EndProject
Project("{FAE04EC0-301F-11D3-BF4B-00C04F79EFBC}") = "WindowsGSM.Desktop", "src\WindowsGSM.Desktop\WindowsGSM.Desktop.csproj", "{CC939D29-C581-4DA7-88BD-16A12700D584}"
EndProject
Project("{FAE04EC0-301F-11D3-BF4B-00C04F79EFBC}") = "WindowsGSM.Launcher", "src\WindowsGSM.Launcher\WindowsGSM.Launcher.csproj", "{6E3D8D89-787A-4B0F-B2DC-FBAA0A063F3D}"
EndProject
Global
	GlobalSection(SolutionConfigurationPlatforms) = preSolution
		Debug|Any CPU = Debug|Any CPU
		Debug|x64 = Debug|x64
		Debug|x86 = Debug|x86
		Release|Any CPU = Release|Any CPU
		Release|x64 = Release|x64
		Release|x86 = Release|x86
	EndGlobalSection
	GlobalSection(ProjectConfigurationPlatforms) = postSolution
		{52D33E86-91AE-4585-8446-A58545CF5B93}.Debug|Any CPU.ActiveCfg = Debug|Any CPU
		{52D33E86-91AE-4585-8446-A58545CF5B93}.Debug|Any CPU.Build.0 = Debug|Any CPU
		{52D33E86-91AE-4585-8446-A58545CF5B93}.Debug|x64.ActiveCfg = Debug|Any CPU
		{52D33E86-91AE-4585-8446-A58545CF5B93}.Debug|x64.Build.0 = Debug|Any CPU
		{52D33E86-91AE-4585-8446-A58545CF5B93}.Debug|x86.ActiveCfg = Debug|Any CPU
		{52D33E86-91AE-4585-8446-A58545CF5B93}.Debug|x86.Build.0 = Debug|Any CPU
		{52D33E86-91AE-4585-8446-A58545CF5B93}.Release|Any CPU.ActiveCfg = Release|Any CPU
		{52D33E86-91AE-4585-8446-A58545CF5B93}.Release|Any CPU.Build.0 = Release|Any CPU
		{52D33E86-91AE-4585-8446-A58545CF5B93}.Release|x64.ActiveCfg = Release|Any CPU
		{52D33E86-91AE-4585-8446-A58545CF5B93}.Release|x64.Build.0 = Release|Any CPU
		{52D33E86-91AE-4585-8446-A58545CF5B93}.Release|x86.ActiveCfg = Release|Any CPU
		{52D33E86-91AE-4585-8446-A58545CF5B93}.Release|x86.Build.0 = Release|Any CPU
		{41F59CD1-5E52-423C-B7C0-D6D88A5250BE}.Debug|Any CPU.ActiveCfg = Debug|Any CPU
		{41F59CD1-5E52-423C-B7C0-D6D88A5250BE}.Debug|Any CPU.Build.0 = Debug|Any CPU
		{41F59CD1-5E52-423C-B7C0-D6D88A5250BE}.Debug|x64.ActiveCfg = Debug|Any CPU
		{41F59CD1-5E52-423C-B7C0-D6D88A5250BE}.Debug|x64.Build.0 = Debug|Any CPU
		{41F59CD1-5E52-423C-B7C0-D6D88A5250BE}.Debug|x86.ActiveCfg = Debug|Any CPU
		{41F59CD1-5E52-423C-B7C0-D6D88A5250BE}.Debug|x86.Build.0 = Debug|Any CPU
		{41F59CD1-5E52-423C-B7C0-D6D88A5250BE}.Release|Any CPU.ActiveCfg = Release|Any CPU
		{41F59CD1-5E52-423C-B7C0-D6D88A5250BE}.Release|Any CPU.Build.0 = Release|Any CPU
		{41F59CD1-5E52-423C-B7C0-D6D88A5250BE}.Release|x64.ActiveCfg = Release|Any CPU
		{41F59CD1-5E52-423C-B7C0-D6D88A5250BE}.Release|x64.Build.0 = Release|Any CPU
		{41F59CD1-5E52-423C-B7C0-D6D88A5250BE}.Release|x86.ActiveCfg = Release|Any CPU
		{41F59CD1-5E52-423C-B7C0-D6D88A5250BE}.Release|x86.Build.0 = Release|Any CPU
		{C1DCDA3C-1A76-47F3-B632-337AE589903F}.Debug|Any CPU.ActiveCfg = Debug|Any CPU
		{C1DCDA3C-1A76-47F3-B632-337AE589903F}.Debug|Any CPU.Build.0 = Debug|Any CPU
		{C1DCDA3C-1A76-47F3-B632-337AE589903F}.Debug|x64.ActiveCfg = Debug|Any CPU
		{C1DCDA3C-1A76-47F3-B632-337AE589903F}.Debug|x64.Build.0 = Debug|Any CPU
		{C1DCDA3C-1A76-47F3-B632-337AE589903F}.Debug|x86.ActiveCfg = Debug|Any CPU
		{C1DCDA3C-1A76-47F3-B632-337AE589903F}.Debug|x86.Build.0 = Debug|Any CPU
		{C1DCDA3C-1A76-47F3-B632-337AE589903F}.Release|Any CPU.ActiveCfg = Release|Any CPU
		{C1DCDA3C-1A76-47F3-B632-337AE589903F}.Release|Any CPU.Build.0 = Release|Any CPU
		{C1DCDA3C-1A76-47F3-B632-337AE589903F}.Release|x64.ActiveCfg = Release|Any CPU
		{C1DCDA3C-1A76-47F3-B632-337AE589903F}.Release|x64.Build.0 = Release|Any CPU
		{C1DCDA3C-1A76-47F3-B632-337AE589903F}.Release|x86.ActiveCfg = Release|Any CPU
		{C1DCDA3C-1A76-47F3-B632-337AE589903F}.Release|x86.Build.0 = Release|Any CPU
		{4E058D8E-9526-48E7-8B7F-1FD8C6921107}.Debug|Any CPU.ActiveCfg = Debug|Any CPU
		{4E058D8E-9526-48E7-8B7F-1FD8C6921107}.Debug|Any CPU.Build.0 = Debug|Any CPU
		{4E058D8E-9526-48E7-8B7F-1FD8C6921107}.Debug|x64.ActiveCfg = Debug|Any CPU
		{4E058D8E-9526-48E7-8B7F-1FD8C6921107}.Debug|x64.Build.0 = Debug|Any CPU
		{4E058D8E-9526-48E7-8B7F-1FD8C6921107}.Debug|x86.ActiveCfg = Debug|Any CPU
		{4E058D8E-9526-48E7-8B7F-1FD8C6921107}.Debug|x86.Build.0 = Debug|Any CPU
		{4E058D8E-9526-48E7-8B7F-1FD8C6921107}.Release|Any CPU.ActiveCfg = Release|Any CPU
		{4E058D8E-9526-48E7-8B7F-1FD8C6921107}.Release|Any CPU.Build.0 = Release|Any CPU
		{4E058D8E-9526-48E7-8B7F-1FD8C6921107}.Release|x64.ActiveCfg = Release|Any CPU
		{4E058D8E-9526-48E7-8B7F-1FD8C6921107}.Release|x64.Build.0 = Release|Any CPU
		{4E058D8E-9526-48E7-8B7F-1FD8C6921107}.Release|x86.ActiveCfg = Release|Any CPU
		{4E058D8E-9526-48E7-8B7F-1FD8C6921107}.Release|x86.Build.0 = Release|Any CPU
		{053DF80B-D632-403F-B684-0B61A1F21454}.Debug|Any CPU.ActiveCfg = Debug|Any CPU
		{053DF80B-D632-403F-B684-0B61A1F21454}.Debug|Any CPU.Build.0 = Debug|Any CPU
		{053DF80B-D632-403F-B684-0B61A1F21454}.Debug|x64.ActiveCfg = Debug|Any CPU
		{053DF80B-D632-403F-B684-0B61A1F21454}.Debug|x64.Build.0 = Debug|Any CPU
		{053DF80B-D632-403F-B684-0B61A1F21454}.Debug|x86.ActiveCfg = Debug|Any CPU
		{053DF80B-D632-403F-B684-0B61A1F21454}.Debug|x86.Build.0 = Debug|Any CPU
		{053DF80B-D632-403F-B684-0B61A1F21454}.Release|Any CPU.ActiveCfg = Release|Any CPU
		{053DF80B-D632-403F-B684-0B61A1F21454}.Release|Any CPU.Build.0 = Release|Any CPU
		{053DF80B-D632-403F-B684-0B61A1F21454}.Release|x64.ActiveCfg = Release|Any CPU
		{053DF80B-D632-403F-B684-0B61A1F21454}.Release|x64.Build.0 = Release|Any CPU
		{053DF80B-D632-403F-B684-0B61A1F21454}.Release|x86.ActiveCfg = Release|Any CPU
		{053DF80B-D632-403F-B684-0B61A1F21454}.Release|x86.Build.0 = Release|Any CPU
		{3525828E-9FE9-4A7C-B960-576E2673603A}.Debug|Any CPU.ActiveCfg = Debug|Any CPU
		{3525828E-9FE9-4A7C-B960-576E2673603A}.Debug|Any CPU.Build.0 = Debug|Any CPU
		{3525828E-9FE9-4A7C-B960-576E2673603A}.Debug|x64.ActiveCfg = Debug|Any CPU
		{3525828E-9FE9-4A7C-B960-576E2673603A}.Debug|x64.Build.0 = Debug|Any CPU
		{3525828E-9FE9-4A7C-B960-576E2673603A}.Debug|x86.ActiveCfg = Debug|Any CPU
		{3525828E-9FE9-4A7C-B960-576E2673603A}.Debug|x86.Build.0 = Debug|Any CPU
		{3525828E-9FE9-4A7C-B960-576E2673603A}.Release|Any CPU.ActiveCfg = Release|Any CPU
		{3525828E-9FE9-4A7C-B960-576E2673603A}.Release|Any CPU.Build.0 = Release|Any CPU
		{3525828E-9FE9-4A7C-B960-576E2673603A}.Release|x64.ActiveCfg = Release|Any CPU
		{3525828E-9FE9-4A7C-B960-576E2673603A}.Release|x64.Build.0 = Release|Any CPU
		{3525828E-9FE9-4A7C-B960-576E2673603A}.Release|x86.ActiveCfg = Release|Any CPU
		{3525828E-9FE9-4A7C-B960-576E2673603A}.Release|x86.Build.0 = Release|Any CPU
		{CC939D29-C581-4DA7-88BD-16A12700D584}.Debug|Any CPU.ActiveCfg = Debug|Any CPU
		{CC939D29-C581-4DA7-88BD-16A12700D584}.Debug|Any CPU.Build.0 = Debug|Any CPU
		{CC939D29-C581-4DA7-88BD-16A12700D584}.Debug|x64.ActiveCfg = Debug|Any CPU
		{CC939D29-C581-4DA7-88BD-16A12700D584}.Debug|x64.Build.0 = Debug|Any CPU
		{CC939D29-C581-4DA7-88BD-16A12700D584}.Debug|x86.ActiveCfg = Debug|Any CPU
		{CC939D29-C581-4DA7-88BD-16A12700D584}.Debug|x86.Build.0 = Debug|Any CPU
		{CC939D29-C581-4DA7-88BD-16A12700D584}.Release|Any CPU.ActiveCfg = Release|Any CPU
		{CC939D29-C581-4DA7-88BD-16A12700D584}.Release|Any CPU.Build.0 = Release|Any CPU
		{CC939D29-C581-4DA7-88BD-16A12700D584}.Release|x64.ActiveCfg = Release|Any CPU
		{CC939D29-C581-4DA7-88BD-16A12700D584}.Release|x64.Build.0 = Release|Any CPU
		{CC939D29-C581-4DA7-88BD-16A12700D584}.Release|x86.ActiveCfg = Release|Any CPU
		{CC939D29-C581-4DA7-88BD-16A12700D584}.Release|x86.Build.0 = Release|Any CPU
		{6E3D8D89-787A-4B0F-B2DC-FBAA0A063F3D}.Debug|Any CPU.ActiveCfg = Debug|Any CPU
		{6E3D8D89-787A-4B0F-B2DC-FBAA0A063F3D}.Debug|Any CPU.Build.0 = Debug|Any CPU
		{6E3D8D89-787A-4B0F-B2DC-FBAA0A063F3D}.Debug|x64.ActiveCfg = Debug|Any CPU
		{6E3D8D89-787A-4B0F-B2DC-FBAA0A063F3D}.Debug|x64.Build.0 = Debug|Any CPU
		{6E3D8D89-787A-4B0F-B2DC-FBAA0A063F3D}.Debug|x86.ActiveCfg = Debug|Any CPU
		{6E3D8D89-787A-4B0F-B2DC-FBAA0A063F3D}.Debug|x86.Build.0 = Debug|Any CPU
		{6E3D8D89-787A-4B0F-B2DC-FBAA0A063F3D}.Release|Any CPU.ActiveCfg = Release|Any CPU
		{6E3D8D89-787A-4B0F-B2DC-FBAA0A063F3D}.Release|Any CPU.Build.0 = Release|Any CPU
		{6E3D8D89-787A-4B0F-B2DC-FBAA0A063F3D}.Release|x64.ActiveCfg = Release|Any CPU
		{6E3D8D89-787A-4B0F-B2DC-FBAA0A063F3D}.Release|x64.Build.0 = Release|Any CPU
		{6E3D8D89-787A-4B0F-B2DC-FBAA0A063F3D}.Release|x86.ActiveCfg = Release|Any CPU
		{6E3D8D89-787A-4B0F-B2DC-FBAA0A063F3D}.Release|x86.Build.0 = Release|Any CPU
	EndGlobalSection
	GlobalSection(SolutionProperties) = preSolution
		HideSolutionNode = FALSE
	EndGlobalSection
	GlobalSection(NestedProjects) = preSolution
		{52D33E86-91AE-4585-8446-A58545CF5B93} = {827E0CD3-B72D-47B6-A68D-7590B98EB39B}
		{41F59CD1-5E52-423C-B7C0-D6D88A5250BE} = {0AB3BF05-4346-4AA6-1389-037BE0695223}
		{C1DCDA3C-1A76-47F3-B632-337AE589903F} = {07C2787E-EAC7-C090-1BA3-A61EC2A24D84}
		{4E058D8E-9526-48E7-8B7F-1FD8C6921107} = {827E0CD3-B72D-47B6-A68D-7590B98EB39B}
		{053DF80B-D632-403F-B684-0B61A1F21454} = {827E0CD3-B72D-47B6-A68D-7590B98EB39B}
		{3525828E-9FE9-4A7C-B960-576E2673603A} = {0AB3BF05-4346-4AA6-1389-037BE0695223}
		{CC939D29-C581-4DA7-88BD-16A12700D584} = {827E0CD3-B72D-47B6-A68D-7590B98EB39B}
		{6E3D8D89-787A-4B0F-B2DC-FBAA0A063F3D} = {827E0CD3-B72D-47B6-A68D-7590B98EB39B}
	EndGlobalSection
EndGlobal
